// !$*UTF8*$!
{
	archiveVersion = 1;
	classes = {
	};
	objectVersion = 55;
	objects = {

/* Begin PBXBuildFile section */
		CD5576CD283DEF1900E54506 /* MediaPlayer.swift in Sources */ = {isa = PBXBuildFile; fileRef = CD5576CC283DEF1900E54506 /* MediaPlayer.swift */; };
		CD5576D0283DEF2C00E54506 /* Song.swift in Sources */ = {isa = PBXBuildFile; fileRef = CD5576CF283DEF2C00E54506 /* Song.swift */; };
		CD5576D2283DEF3900E54506 /* Album.swift in Sources */ = {isa = PBXBuildFile; fileRef = CD5576D1283DEF3900E54506 /* Album.swift */; };
		CD5576D6283DEFD500E54506 /* ViewController.swift in Sources */ = {isa = PBXBuildFile; fileRef = CD5576D5283DEFD500E54506 /* ViewController.swift */; };
		CD5576D8283DF34900E54506 /* MusicPlayViewController.swift in Sources */ = {isa = PBXBuildFile; fileRef = CD5576D7283DF34900E54506 /* MusicPlayViewController.swift */; };
		CDE33BCC283E2B920038E736 /* 24K Magic.mp3 in Resources */ = {isa = PBXBuildFile; fileRef = CDE33BC9283E2B910038E736 /* 24K Magic.mp3 */; };
		CDE33BCD283E2B920038E736 /* The Lazy Song.mp3 in Resources */ = {isa = PBXBuildFile; fileRef = CDE33BCA283E2B920038E736 /* The Lazy Song.mp3 */; };
		CDE33BCE283E2B920038E736 /* Thats What I Like.mp3 in Resources */ = {isa = PBXBuildFile; fileRef = CDE33BCB283E2B920038E736 /* Thats What I Like.mp3 */; };
		CDF110E128393DD200B7D1CC /* AppDelegate.swift in Sources */ = {isa = PBXBuildFile; fileRef = CDF110E028393DD200B7D1CC /* AppDelegate.swift */; };
		CDF110E328393DD200B7D1CC /* SceneDelegate.swift in Sources */ = {isa = PBXBuildFile; fileRef = CDF110E228393DD200B7D1CC /* SceneDelegate.swift */; };
		CDF110E828393DD200B7D1CC /* Main.storyboard in Resources */ = {isa = PBXBuildFile; fileRef = CDF110E628393DD200B7D1CC /* Main.storyboard */; };
		CDF110EA28393DD600B7D1CC /* Assets.xcassets in Resources */ = {isa = PBXBuildFile; fileRef = CDF110E928393DD600B7D1CC /* Assets.xcassets */; };
		CDF110ED28393DD600B7D1CC /* LaunchScreen.storyboard in Resources */ = {isa = PBXBuildFile; fileRef = CDF110EB28393DD600B7D1CC /* LaunchScreen.storyboard */; };
		CDF110F828393DD600B7D1CC /* MusicPlayerTests.swift in Sources */ = {isa = PBXBuildFile; fileRef = CDF110F728393DD600B7D1CC /* MusicPlayerTests.swift */; };
		CDF1110228393DD600B7D1CC /* MusicPlayerUITests.swift in Sources */ = {isa = PBXBuildFile; fileRef = CDF1110128393DD600B7D1CC /* MusicPlayerUITests.swift */; };
		CDF1110428393DD600B7D1CC /* MusicPlayerUITestsLaunchTests.swift in Sources */ = {isa = PBXBuildFile; fileRef = CDF1110328393DD600B7D1CC /* MusicPlayerUITestsLaunchTests.swift */; };
/* End PBXBuildFile section */

/* Begin PBXContainerItemProxy section */
		CDF110F428393DD600B7D1CC /* PBXContainerItemProxy */ = {
			isa = PBXContainerItemProxy;
			containerPortal = CDF110D528393DD200B7D1CC /* Project object */;
			proxyType = 1;
			remoteGlobalIDString = CDF110DC28393DD200B7D1CC;
			remoteInfo = MusicPlayer;
		};
		CDF110FE28393DD600B7D1CC /* PBXContainerItemProxy */ = {
			isa = PBXContainerItemProxy;
			containerPortal = CDF110D528393DD200B7D1CC /* Project object */;
			proxyType = 1;
			remoteGlobalIDString = CDF110DC28393DD200B7D1CC;
			remoteInfo = MusicPlayer;
		};
/* End PBXContainerItemProxy section */

/* Begin PBXFileReference section */
		CD5576CC283DEF1900E54506 /* MediaPlayer.swift */ = {isa = PBXFileReference; lastKnownFileType = sourcecode.swift; path = MediaPlayer.swift; sourceTree = "<group>"; };
		CD5576CF283DEF2C00E54506 /* Song.swift */ = {isa = PBXFileReference; lastKnownFileType = sourcecode.swift; path = Song.swift; sourceTree = "<group>"; };
		CD5576D1283DEF3900E54506 /* Album.swift */ = {isa = PBXFileReference; lastKnownFileType = sourcecode.swift; path = Album.swift; sourceTree = "<group>"; };
		CD5576D5283DEFD500E54506 /* ViewController.swift */ = {isa = PBXFileReference; lastKnownFileType = sourcecode.swift; path = ViewController.swift; sourceTree = "<group>"; };
		CD5576D7283DF34900E54506 /* MusicPlayViewController.swift */ = {isa = PBXFileReference; lastKnownFileType = sourcecode.swift; path = MusicPlayViewController.swift; sourceTree = "<group>"; };
		CDE33BC9283E2B910038E736 /* 24K Magic.mp3 */ = {isa = PBXFileReference; lastKnownFileType = audio.mp3; path = "24K Magic.mp3"; sourceTree = "<group>"; };
		CDE33BCA283E2B920038E736 /* The Lazy Song.mp3 */ = {isa = PBXFileReference; lastKnownFileType = audio.mp3; path = "The Lazy Song.mp3"; sourceTree = "<group>"; };
		CDE33BCB283E2B920038E736 /* Thats What I Like.mp3 */ = {isa = PBXFileReference; lastKnownFileType = audio.mp3; path = "Thats What I Like.mp3"; sourceTree = "<group>"; };
		CDF110DD28393DD200B7D1CC /* MusicPlayer.app */ = {isa = PBXFileReference; explicitFileType = wrapper.application; includeInIndex = 0; path = MusicPlayer.app; sourceTree = BUILT_PRODUCTS_DIR; };
		CDF110E028393DD200B7D1CC /* AppDelegate.swift */ = {isa = PBXFileReference; lastKnownFileType = sourcecode.swift; path = AppDelegate.swift; sourceTree = "<group>"; };
		CDF110E228393DD200B7D1CC /* SceneDelegate.swift */ = {isa = PBXFileReference; lastKnownFileType = sourcecode.swift; path = SceneDelegate.swift; sourceTree = "<group>"; };
		CDF110E728393DD200B7D1CC /* Base */ = {isa = PBXFileReference; lastKnownFileType = file.storyboard; name = Base; path = Base.lproj/Main.storyboard; sourceTree = "<group>"; };
		CDF110E928393DD600B7D1CC /* Assets.xcassets */ = {isa = PBXFileReference; lastKnownFileType = folder.assetcatalog; path = Assets.xcassets; sourceTree = "<group>"; };
		CDF110EC28393DD600B7D1CC /* Base */ = {isa = PBXFileReference; lastKnownFileType = file.storyboard; name = Base; path = Base.lproj/LaunchScreen.storyboard; sourceTree = "<group>"; };
		CDF110EE28393DD600B7D1CC /* Info.plist */ = {isa = PBXFileReference; lastKnownFileType = text.plist.xml; path = Info.plist; sourceTree = "<group>"; };
		CDF110F328393DD600B7D1CC /* MusicPlayerTests.xctest */ = {isa = PBXFileReference; explicitFileType = wrapper.cfbundle; includeInIndex = 0; path = MusicPlayerTests.xctest; sourceTree = BUILT_PRODUCTS_DIR; };
		CDF110F728393DD600B7D1CC /* MusicPlayerTests.swift */ = {isa = PBXFileReference; lastKnownFileType = sourcecode.swift; path = MusicPlayerTests.swift; sourceTree = "<group>"; };
		CDF110FD28393DD600B7D1CC /* MusicPlayerUITests.xctest */ = {isa = PBXFileReference; explicitFileType = wrapper.cfbundle; includeInIndex = 0; path = MusicPlayerUITests.xctest; sourceTree = BUILT_PRODUCTS_DIR; };
		CDF1110128393DD600B7D1CC /* MusicPlayerUITests.swift */ = {isa = PBXFileReference; lastKnownFileType = sourcecode.swift; path = MusicPlayerUITests.swift; sourceTree = "<group>"; };
		CDF1110328393DD600B7D1CC /* MusicPlayerUITestsLaunchTests.swift */ = {isa = PBXFileReference; lastKnownFileType = sourcecode.swift; path = MusicPlayerUITestsLaunchTests.swift; sourceTree = "<group>"; };
/* End PBXFileReference section */

/* Begin PBXFrameworksBuildPhase section */
		CDF110DA28393DD200B7D1CC /* Frameworks */ = {
			isa = PBXFrameworksBuildPhase;
			buildActionMask = 2147483647;
			files = (
			);
			runOnlyForDeploymentPostprocessing = 0;
		};
		CDF110F028393DD600B7D1CC /* Frameworks */ = {
			isa = PBXFrameworksBuildPhase;
			buildActionMask = 2147483647;
			files = (
			);
			runOnlyForDeploymentPostprocessing = 0;
		};
		CDF110FA28393DD600B7D1CC /* Frameworks */ = {
			isa = PBXFrameworksBuildPhase;
			buildActionMask = 2147483647;
			files = (
			);
			runOnlyForDeploymentPostprocessing = 0;
		};
/* End PBXFrameworksBuildPhase section */

/* Begin PBXGroup section */
		CD5576C0283DEC1700E54506 /* Views */ = {
			isa = PBXGroup;
			children = (
				CD5576CC283DEF1900E54506 /* MediaPlayer.swift */,
			);
			path = Views;
			sourceTree = "<group>";
		};
		CD5576CE283DEF2200E54506 /* Models */ = {
			isa = PBXGroup;
			children = (
				CD5576CF283DEF2C00E54506 /* Song.swift */,
				CD5576D1283DEF3900E54506 /* Album.swift */,
			);
			path = Models;
			sourceTree = "<group>";
		};
		CD5576D9283DF4CA00E54506 /* Songs */ = {
			isa = PBXGroup;
			children = (
				CDE33BC9283E2B910038E736 /* 24K Magic.mp3 */,
				CDE33BCB283E2B920038E736 /* Thats What I Like.mp3 */,
				CDE33BCA283E2B920038E736 /* The Lazy Song.mp3 */,
			);
			path = Songs;
			sourceTree = "<group>";
		};
		CDF110D428393DD200B7D1CC = {
			isa = PBXGroup;
			children = (
				CDF110DF28393DD200B7D1CC /* MusicPlayer */,
				CDF110F628393DD600B7D1CC /* MusicPlayerTests */,
				CDF1110028393DD600B7D1CC /* MusicPlayerUITests */,
				CDF110DE28393DD200B7D1CC /* Products */,
			);
			sourceTree = "<group>";
		};
		CDF110DE28393DD200B7D1CC /* Products */ = {
			isa = PBXGroup;
			children = (
				CDF110DD28393DD200B7D1CC /* MusicPlayer.app */,
				CDF110F328393DD600B7D1CC /* MusicPlayerTests.xctest */,
				CDF110FD28393DD600B7D1CC /* MusicPlayerUITests.xctest */,
			);
			name = Products;
			sourceTree = "<group>";
		};
		CDF110DF28393DD200B7D1CC /* MusicPlayer */ = {
			isa = PBXGroup;
			children = (
				CD5576D9283DF4CA00E54506 /* Songs */,
				CD5576CE283DEF2200E54506 /* Models */,
				CD5576C0283DEC1700E54506 /* Views */,
				CDF110E028393DD200B7D1CC /* AppDelegate.swift */,
				CDF110E228393DD200B7D1CC /* SceneDelegate.swift */,
				CD5576D5283DEFD500E54506 /* ViewController.swift */,
				CD5576D7283DF34900E54506 /* MusicPlayViewController.swift */,
				CDF110E628393DD200B7D1CC /* Main.storyboard */,
				CDF110E928393DD600B7D1CC /* Assets.xcassets */,
				CDF110EB28393DD600B7D1CC /* LaunchScreen.storyboard */,
				CDF110EE28393DD600B7D1CC /* Info.plist */,
			);
			path = MusicPlayer;
			sourceTree = "<group>";
		};
		CDF110F628393DD600B7D1CC /* MusicPlayerTests */ = {
			isa = PBXGroup;
			children = (
				CDF110F728393DD600B7D1CC /* MusicPlayerTests.swift */,
			);
			path = MusicPlayerTests;
			sourceTree = "<group>";
		};
		CDF1110028393DD600B7D1CC /* MusicPlayerUITests */ = {
			isa = PBXGroup;
			children = (
				CDF1110128393DD600B7D1CC /* MusicPlayerUITests.swift */,
				CDF1110328393DD600B7D1CC /* MusicPlayerUITestsLaunchTests.swift */,
			);
			path = MusicPlayerUITests;
			sourceTree = "<group>";
		};
/* End PBXGroup section */

/* Begin PBXNativeTarget section */
		CDF110DC28393DD200B7D1CC /* MusicPlayer */ = {
			isa = PBXNativeTarget;
			buildConfigurationList = CDF1110728393DD600B7D1CC /* Build configuration list for PBXNativeTarget "MusicPlayer" */;
			buildPhases = (
				CDF110D928393DD200B7D1CC /* Sources */,
				CDF110DA28393DD200B7D1CC /* Frameworks */,
				CDF110DB28393DD200B7D1CC /* Resources */,
			);
			buildRules = (
			);
			dependencies = (
			);
			name = MusicPlayer;
			productName = MusicPlayer;
			productReference = CDF110DD28393DD200B7D1CC /* MusicPlayer.app */;
			productType = "com.apple.product-type.application";
		};
		CDF110F228393DD600B7D1CC /* MusicPlayerTests */ = {
			isa = PBXNativeTarget;
			buildConfigurationList = CDF1110A28393DD600B7D1CC /* Build configuration list for PBXNativeTarget "MusicPlayerTests" */;
			buildPhases = (
				CDF110EF28393DD600B7D1CC /* Sources */,
				CDF110F028393DD600B7D1CC /* Frameworks */,
				CDF110F128393DD600B7D1CC /* Resources */,
			);
			buildRules = (
			);
			dependencies = (
				CDF110F528393DD600B7D1CC /* PBXTargetDependency */,
			);
			name = MusicPlayerTests;
			productName = MusicPlayerTests;
			productReference = CDF110F328393DD600B7D1CC /* MusicPlayerTests.xctest */;
			productType = "com.apple.product-type.bundle.unit-test";
		};
		CDF110FC28393DD600B7D1CC /* MusicPlayerUITests */ = {
			isa = PBXNativeTarget;
			buildConfigurationList = CDF1110D28393DD600B7D1CC /* Build configuration list for PBXNativeTarget "MusicPlayerUITests" */;
			buildPhases = (
				CDF110F928393DD600B7D1CC /* Sources */,
				CDF110FA28393DD600B7D1CC /* Frameworks */,
				CDF110FB28393DD600B7D1CC /* Resources */,
			);
			buildRules = (
			);
			dependencies = (
				CDF110FF28393DD600B7D1CC /* PBXTargetDependency */,
			);
			name = MusicPlayerUITests;
			productName = MusicPlayerUITests;
			productReference = CDF110FD28393DD600B7D1CC /* MusicPlayerUITests.xctest */;
			productType = "com.apple.product-type.bundle.ui-testing";
		};
/* End PBXNativeTarget section */

/* Begin PBXProject section */
		CDF110D528393DD200B7D1CC /* Project object */ = {
			isa = PBXProject;
			attributes = {
				BuildIndependentTargetsInParallel = 1;
				LastSwiftUpdateCheck = 1340;
				LastUpgradeCheck = 1340;
				TargetAttributes = {
					CDF110DC28393DD200B7D1CC = {
						CreatedOnToolsVersion = 13.4;
					};
					CDF110F228393DD600B7D1CC = {
						CreatedOnToolsVersion = 13.4;
						TestTargetID = CDF110DC28393DD200B7D1CC;
					};
					CDF110FC28393DD600B7D1CC = {
						CreatedOnToolsVersion = 13.4;
						TestTargetID = CDF110DC28393DD200B7D1CC;
					};
				};
			};
			buildConfigurationList = CDF110D828393DD200B7D1CC /* Build configuration list for PBXProject "MusicPlayer" */;
			compatibilityVersion = "Xcode 13.0";
			developmentRegion = en;
			hasScannedForEncodings = 0;
			knownRegions = (
				en,
				Base,
			);
			mainGroup = CDF110D428393DD200B7D1CC;
			productRefGroup = CDF110DE28393DD200B7D1CC /* Products */;
			projectDirPath = "";
			projectRoot = "";
			targets = (
				CDF110DC28393DD200B7D1CC /* MusicPlayer */,
				CDF110F228393DD600B7D1CC /* MusicPlayerTests */,
				CDF110FC28393DD600B7D1CC /* MusicPlayerUITests */,
			);
		};
/* End PBXProject section */

/* Begin PBXResourcesBuildPhase section */
		CDF110DB28393DD200B7D1CC /* Resources */ = {
			isa = PBXResourcesBuildPhase;
			buildActionMask = 2147483647;
			files = (
				CDE33BCD283E2B920038E736 /* The Lazy Song.mp3 in Resources */,
				CDF110ED28393DD600B7D1CC /* LaunchScreen.storyboard in Resources */,
				CDE33BCC283E2B920038E736 /* 24K Magic.mp3 in Resources */,
				CDF110EA28393DD600B7D1CC /* Assets.xcassets in Resources */,
				CDF110E828393DD200B7D1CC /* Main.storyboard in Resources */,
				CDE33BCE283E2B920038E736 /* Thats What I Like.mp3 in Resources */,
			);
			runOnlyForDeploymentPostprocessing = 0;
		};
		CDF110F128393DD600B7D1CC /* Resources */ = {
			isa = PBXResourcesBuildPhase;
			buildActionMask = 2147483647;
			files = (
			);
			runOnlyForDeploymentPostprocessing = 0;
		};
		CDF110FB28393DD600B7D1CC /* Resources */ = {
			isa = PBXResourcesBuildPhase;
			buildActionMask = 2147483647;
			files = (
			);
			runOnlyForDeploymentPostprocessing = 0;
		};
/* End PBXResourcesBuildPhase section */

/* Begin PBXSourcesBuildPhase section */
		CDF110D928393DD200B7D1CC /* Sources */ = {
			isa = PBXSourcesBuildPhase;
			buildActionMask = 2147483647;
			files = (
				CD5576D6283DEFD500E54506 /* ViewController.swift in Sources */,
				CD5576CD283DEF1900E54506 /* MediaPlayer.swift in Sources */,
				CDF110E128393DD200B7D1CC /* AppDelegate.swift in Sources */,
				CDF110E328393DD200B7D1CC /* SceneDelegate.swift in Sources */,
				CD5576D0283DEF2C00E54506 /* Song.swift in Sources */,
				CD5576D8283DF34900E54506 /* MusicPlayViewController.swift in Sources */,
				CD5576D2283DEF3900E54506 /* Album.swift in Sources */,
			);
			runOnlyForDeploymentPostprocessing = 0;
		};
		CDF110EF28393DD600B7D1CC /* Sources */ = {
			isa = PBXSourcesBuildPhase;
			buildActionMask = 2147483647;
			files = (
				CDF110F828393DD600B7D1CC /* MusicPlayerTests.swift in Sources */,
			);
			runOnlyForDeploymentPostprocessing = 0;
		};
		CDF110F928393DD600B7D1CC /* Sources */ = {
			isa = PBXSourcesBuildPhase;
			buildActionMask = 2147483647;
			files = (
				CDF1110228393DD600B7D1CC /* MusicPlayerUITests.swift in Sources */,
				CDF1110428393DD600B7D1CC /* MusicPlayerUITestsLaunchTests.swift in Sources */,
			);
			runOnlyForDeploymentPostprocessing = 0;
		};
/* End PBXSourcesBuildPhase section */

/* Begin PBXTargetDependency section */
		CDF110F528393DD600B7D1CC /* PBXTargetDependency */ = {
			isa = PBXTargetDependency;
			target = CDF110DC28393DD200B7D1CC /* MusicPlayer */;
			targetProxy = CDF110F428393DD600B7D1CC /* PBXContainerItemProxy */;
		};
		CDF110FF28393DD600B7D1CC /* PBXTargetDependency */ = {
			isa = PBXTargetDependency;
			target = CDF110DC28393DD200B7D1CC /* MusicPlayer */;
			targetProxy = CDF110FE28393DD600B7D1CC /* PBXContainerItemProxy */;
		};
/* End PBXTargetDependency section */

/* Begin PBXVariantGroup section */
		CDF110E628393DD200B7D1CC /* Main.storyboard */ = {
			isa = PBXVariantGroup;
			children = (
				CDF110E728393DD200B7D1CC /* Base */,
			);
			name = Main.storyboard;
			sourceTree = "<group>";
		};
		CDF110EB28393DD600B7D1CC /* LaunchScreen.storyboard */ = {
			isa = PBXVariantGroup;
			children = (
				CDF110EC28393DD600B7D1CC /* Base */,
			);
			name = LaunchScreen.storyboard;
			sourceTree = "<group>";
		};
/* End PBXVariantGroup section */

/* Begin XCBuildConfiguration section */
		CDF1110528393DD600B7D1CC /* Debug */ = {
			isa = XCBuildConfiguration;
			buildSettings = {
				ALWAYS_SEARCH_USER_PATHS = NO;
				CLANG_ANALYZER_NONNULL = YES;
				CLANG_ANALYZER_NUMBER_OBJECT_CONVERSION = YES_AGGRESSIVE;
				CLANG_CXX_LANGUAGE_STANDARD = "gnu++17";
				CLANG_ENABLE_MODULES = YES;
				CLANG_ENABLE_OBJC_ARC = YES;
				CLANG_ENABLE_OBJC_WEAK = YES;
				CLANG_WARN_BLOCK_CAPTURE_AUTORELEASING = YES;
				CLANG_WARN_BOOL_CONVERSION = YES;
				CLANG_WARN_COMMA = YES;
				CLANG_WARN_CONSTANT_CONVERSION = YES;
				CLANG_WARN_DEPRECATED_OBJC_IMPLEMENTATIONS = YES;
				CLANG_WARN_DIRECT_OBJC_ISA_USAGE = YES_ERROR;
				CLANG_WARN_DOCUMENTATION_COMMENTS = YES;
				CLANG_WARN_EMPTY_BODY = YES;
				CLANG_WARN_ENUM_CONVERSION = YES;
				CLANG_WARN_INFINITE_RECURSION = YES;
				CLANG_WARN_INT_CONVERSION = YES;
				CLANG_WARN_NON_LITERAL_NULL_CONVERSION = YES;
				CLANG_WARN_OBJC_IMPLICIT_RETAIN_SELF = YES;
				CLANG_WARN_OBJC_LITERAL_CONVERSION = YES;
				CLANG_WARN_OBJC_ROOT_CLASS = YES_ERROR;
				CLANG_WARN_QUOTED_INCLUDE_IN_FRAMEWORK_HEADER = YES;
				CLANG_WARN_RANGE_LOOP_ANALYSIS = YES;
				CLANG_WARN_STRICT_PROTOTYPES = YES;
				CLANG_WARN_SUSPICIOUS_MOVE = YES;
				CLANG_WARN_UNGUARDED_AVAILABILITY = YES_AGGRESSIVE;
				CLANG_WARN_UNREACHABLE_CODE = YES;
				CLANG_WARN__DUPLICATE_METHOD_MATCH = YES;
				COPY_PHASE_STRIP = NO;
				DEBUG_INFORMATION_FORMAT = dwarf;
				ENABLE_STRICT_OBJC_MSGSEND = YES;
				ENABLE_TESTABILITY = YES;
				GCC_C_LANGUAGE_STANDARD = gnu11;
				GCC_DYNAMIC_NO_PIC = NO;
				GCC_NO_COMMON_BLOCKS = YES;
				GCC_OPTIMIZATION_LEVEL = 0;
				GCC_PREPROCESSOR_DEFINITIONS = (
					"DEBUG=1",
					"$(inherited)",
				);
				GCC_WARN_64_TO_32_BIT_CONVERSION = YES;
				GCC_WARN_ABOUT_RETURN_TYPE = YES_ERROR;
				GCC_WARN_UNDECLARED_SELECTOR = YES;
				GCC_WARN_UNINITIALIZED_AUTOS = YES_AGGRESSIVE;
				GCC_WARN_UNUSED_FUNCTION = YES;
				GCC_WARN_UNUSED_VARIABLE = YES;
				IPHONEOS_DEPLOYMENT_TARGET = 15.5;
				MTL_ENABLE_DEBUG_INFO = INCLUDE_SOURCE;
				MTL_FAST_MATH = YES;
				ONLY_ACTIVE_ARCH = YES;
				SDKROOT = iphoneos;
				SWIFT_ACTIVE_COMPILATION_CONDITIONS = DEBUG;
				SWIFT_OPTIMIZATION_LEVEL = "-Onone";
			};
			name = Debug;
		};
		CDF1110628393DD600B7D1CC /* Release */ = {
			isa = XCBuildConfiguration;
			buildSettings = {
				ALWAYS_SEARCH_USER_PATHS = NO;
				CLANG_ANALYZER_NONNULL = YES;
				CLANG_ANALYZER_NUMBER_OBJECT_CONVERSION = YES_AGGRESSIVE;
				CLANG_CXX_LANGUAGE_STANDARD = "gnu++17";
				CLANG_ENABLE_MODULES = YES;
				CLANG_ENABLE_OBJC_ARC = YES;
				CLANG_ENABLE_OBJC_WEAK = YES;
				CLANG_WARN_BLOCK_CAPTURE_AUTORELEASING = YES;
				CLANG_WARN_BOOL_CONVERSION = YES;
				CLANG_WARN_COMMA = YES;
				CLANG_WARN_CONSTANT_CONVERSION = YES;
				CLANG_WARN_DEPRECATED_OBJC_IMPLEMENTATIONS = YES;
				CLANG_WARN_DIRECT_OBJC_ISA_USAGE = YES_ERROR;
				CLANG_WARN_DOCUMENTATION_COMMENTS = YES;
				CLANG_WARN_EMPTY_BODY = YES;
				CLANG_WARN_ENUM_CONVERSION = YES;
				CLANG_WARN_INFINITE_RECURSION = YES;
				CLANG_WARN_INT_CONVERSION = YES;
				CLANG_WARN_NON_LITERAL_NULL_CONVERSION = YES;
				CLANG_WARN_OBJC_IMPLICIT_RETAIN_SELF = YES;
				CLANG_WARN_OBJC_LITERAL_CONVERSION = YES;
				CLANG_WARN_OBJC_ROOT_CLASS = YES_ERROR;
				CLANG_WARN_QUOTED_INCLUDE_IN_FRAMEWORK_HEADER = YES;
				CLANG_WARN_RANGE_LOOP_ANALYSIS = YES;
				CLANG_WARN_STRICT_PROTOTYPES = YES;
				CLANG_WARN_SUSPICIOUS_MOVE = YES;
				CLANG_WARN_UNGUARDED_AVAILABILITY = YES_AGGRESSIVE;
				CLANG_WARN_UNREACHABLE_CODE = YES;
				CLANG_WARN__DUPLICATE_METHOD_MATCH = YES;
				COPY_PHASE_STRIP = NO;
				DEBUG_INFORMATION_FORMAT = "dwarf-with-dsym";
				ENABLE_NS_ASSERTIONS = NO;
				ENABLE_STRICT_OBJC_MSGSEND = YES;
				GCC_C_LANGUAGE_STANDARD = gnu11;
				GCC_NO_COMMON_BLOCKS = YES;
				GCC_WARN_64_TO_32_BIT_CONVERSION = YES;
				GCC_WARN_ABOUT_RETURN_TYPE = YES_ERROR;
				GCC_WARN_UNDECLARED_SELECTOR = YES;
				GCC_WARN_UNINITIALIZED_AUTOS = YES_AGGRESSIVE;
				GCC_WARN_UNUSED_FUNCTION = YES;
				GCC_WARN_UNUSED_VARIABLE = YES;
				IPHONEOS_DEPLOYMENT_TARGET = 15.5;
				MTL_ENABLE_DEBUG_INFO = NO;
				MTL_FAST_MATH = YES;
				SDKROOT = iphoneos;
				SWIFT_COMPILATION_MODE = wholemodule;
				SWIFT_OPTIMIZATION_LEVEL = "-O";
				VALIDATE_PRODUCT = YES;
			};
			name = Release;
		};
		CDF1110828393DD600B7D1CC /* Debug */ = {
			isa = XCBuildConfiguration;
			buildSettings = {
				ASSETCATALOG_COMPILER_APPICON_NAME = AppIcon;
				ASSETCATALOG_COMPILER_GLOBAL_ACCENT_COLOR_NAME = AccentColor;
				CODE_SIGN_STYLE = Automatic;
				CURRENT_PROJECT_VERSION = 1;
				DEVELOPMENT_TEAM = TVQ56H7V98;
				GENERATE_INFOPLIST_FILE = YES;
				INFOPLIST_FILE = MusicPlayer/Info.plist;
				INFOPLIST_KEY_UIApplicationSupportsIndirectInputEvents = YES;
				INFOPLIST_KEY_UILaunchStoryboardName = LaunchScreen;
				INFOPLIST_KEY_UIMainStoryboardFile = Main;
				INFOPLIST_KEY_UISupportedInterfaceOrientations_iPad = "UIInterfaceOrientationPortrait UIInterfaceOrientationPortraitUpsideDown UIInterfaceOrientationLandscapeLeft UIInterfaceOrientationLandscapeRight";
				INFOPLIST_KEY_UISupportedInterfaceOrientations_iPhone = "UIInterfaceOrientationPortrait UIInterfaceOrientationLandscapeLeft UIInterfaceOrientationLandscapeRight";
				LD_RUNPATH_SEARCH_PATHS = (
					"$(inherited)",
					"@executable_path/Frameworks",
				);
				MARKETING_VERSION = 1.0;
				PRODUCT_BUNDLE_IDENTIFIER = lee.MusicPlayer;
				PRODUCT_NAME = "$(TARGET_NAME)";
				SWIFT_EMIT_LOC_STRINGS = YES;
				SWIFT_VERSION = 5.0;
				TARGETED_DEVICE_FAMILY = "1,2";
			};
			name = Debug;
		};
		CDF1110928393DD600B7D1CC /* Release */ = {
			isa = XCBuildConfiguration;
			buildSettings = {
				ASSETCATALOG_COMPILER_APPICON_NAME = AppIcon;
				ASSETCATALOG_COMPILER_GLOBAL_ACCENT_COLOR_NAME = AccentColor;
				CODE_SIGN_STYLE = Automatic;
				CURRENT_PROJECT_VERSION = 1;
				DEVELOPMENT_TEAM = TVQ56H7V98;
				GENERATE_INFOPLIST_FILE = YES;
				INFOPLIST_FILE = MusicPlayer/Info.plist;
				INFOPLIST_KEY_UIApplicationSupportsIndirectInputEvents = YES;
				INFOPLIST_KEY_UILaunchStoryboardName = LaunchScreen;
				INFOPLIST_KEY_UIMainStoryboardFile = Main;
				INFOPLIST_KEY_UISupportedInterfaceOrientations_iPad = "UIInterfaceOrientationPortrait UIInterfaceOrientationPortraitUpsideDown UIInterfaceOrientationLandscapeLeft UIInterfaceOrientationLandscapeRight";
				INFOPLIST_KEY_UISupportedInterfaceOrientations_iPhone = "UIInterfaceOrientationPortrait UIInterfaceOrientationLandscapeLeft UIInterfaceOrientationLandscapeRight";
				LD_RUNPATH_SEARCH_PATHS = (
					"$(inherited)",
					"@executable_path/Frameworks",
				);
				MARKETING_VERSION = 1.0;
				PRODUCT_BUNDLE_IDENTIFIER = lee.MusicPlayer;
				PRODUCT_NAME = "$(TARGET_NAME)";
				SWIFT_EMIT_LOC_STRINGS = YES;
				SWIFT_VERSION = 5.0;
				TARGETED_DEVICE_FAMILY = "1,2";
			};
			name = Release;
		};
		CDF1110B28393DD600B7D1CC /* Debug */ = {
			isa = XCBuildConfiguration;
			buildSettings = {
				ALWAYS_EMBED_SWIFT_STANDARD_LIBRARIES = YES;
				BUNDLE_LOADER = "$(TEST_HOST)";
				CODE_SIGN_STYLE = Automatic;
				CURRENT_PROJECT_VERSION = 1;
				DEVELOPMENT_TEAM = TVQ56H7V98;
				GENERATE_INFOPLIST_FILE = YES;
				IPHONEOS_DEPLOYMENT_TARGET = 15.5;
				MARKETING_VERSION = 1.0;
				PRODUCT_BUNDLE_IDENTIFIER = lee.MusicPlayerTests;
				PRODUCT_NAME = "$(TARGET_NAME)";
				SWIFT_EMIT_LOC_STRINGS = NO;
				SWIFT_VERSION = 5.0;
				TARGETED_DEVICE_FAMILY = "1,2";
				TEST_HOST = "$(BUILT_PRODUCTS_DIR)/MusicPlayer.app/MusicPlayer";
			};
			name = Debug;
		};
		CDF1110C28393DD600B7D1CC /* Release */ = {
			isa = XCBuildConfiguration;
			buildSettings = {
				ALWAYS_EMBED_SWIFT_STANDARD_LIBRARIES = YES;
				BUNDLE_LOADER = "$(TEST_HOST)";
				CODE_SIGN_STYLE = Automatic;
				CURRENT_PROJECT_VERSION = 1;
				DEVELOPMENT_TEAM = TVQ56H7V98;
				GENERATE_INFOPLIST_FILE = YES;
				IPHONEOS_DEPLOYMENT_TARGET = 15.5;
				MARKETING_VERSION = 1.0;
				PRODUCT_BUNDLE_IDENTIFIER = lee.MusicPlayerTests;
				PRODUCT_NAME = "$(TARGET_NAME)";
				SWIFT_EMIT_LOC_STRINGS = NO;
				SWIFT_VERSION = 5.0;
				TARGETED_DEVICE_FAMILY = "1,2";
				TEST_HOST = "$(BUILT_PRODUCTS_DIR)/MusicPlayer.app/MusicPlayer";
			};
			name = Release;
		};
		CDF1110E28393DD600B7D1CC /* Debug */ = {
			isa = XCBuildConfiguration;
			buildSettings = {
				ALWAYS_EMBED_SWIFT_STANDARD_LIBRARIES = YES;
				CODE_SIGN_STYLE = Automatic;
				CURRENT_PROJECT_VERSION = 1;
				DEVELOPMENT_TEAM = TVQ56H7V98;
				GENERATE_INFOPLIST_FILE = YES;
				MARKETING_VERSION = 1.0;
				PRODUCT_BUNDLE_IDENTIFIER = lee.MusicPlayerUITests;
				PRODUCT_NAME = "$(TARGET_NAME)";
				SWIFT_EMIT_LOC_STRINGS = NO;
				SWIFT_VERSION = 5.0;
				TARGETED_DEVICE_FAMILY = "1,2";
				TEST_TARGET_NAME = MusicPlayer;
			};
			name = Debug;
		};
		CDF1110F28393DD600B7D1CC /* Release */ = {
			isa = XCBuildConfiguration;
			buildSettings = {
				ALWAYS_EMBED_SWIFT_STANDARD_LIBRARIES = YES;
				CODE_SIGN_STYLE = Automatic;
				CURRENT_PROJECT_VERSION = 1;
				DEVELOPMENT_TEAM = TVQ56H7V98;
				GENERATE_INFOPLIST_FILE = YES;
				MARKETING_VERSION = 1.0;
				PRODUCT_BUNDLE_IDENTIFIER = lee.MusicPlayerUITests;
				PRODUCT_NAME = "$(TARGET_NAME)";
				SWIFT_EMIT_LOC_STRINGS = NO;
				SWIFT_VERSION = 5.0;
				TARGETED_DEVICE_FAMILY = "1,2";
				TEST_TARGET_NAME = MusicPlayer;
			};
			name = Release;
		};
/* End XCBuildConfiguration section */

/* Begin XCConfigurationList section */
		CDF110D828393DD200B7D1CC /* Build configuration list for PBXProject "MusicPlayer" */ = {
			isa = XCConfigurationList;
			buildConfigurations = (
				CDF1110528393DD600B7D1CC /* Debug */,
				CDF1110628393DD600B7D1CC /* Release */,
			);
			defaultConfigurationIsVisible = 0;
			defaultConfigurationName = Release;
		};
		CDF1110728393DD600B7D1CC /* Build configuration list for PBXNativeTarget "MusicPlayer" */ = {
			isa = XCConfigurationList;
			buildConfigurations = (
				CDF1110828393DD600B7D1CC /* Debug */,
				CDF1110928393DD600B7D1CC /* Release */,
			);
			defaultConfigurationIsVisible = 0;
			defaultConfigurationName = Release;
		};
		CDF1110A28393DD600B7D1CC /* Build configuration list for PBXNativeTarget "MusicPlayerTests" */ = {
			isa = XCConfigurationList;
			buildConfigurations = (
				CDF1110B28393DD600B7D1CC /* Debug */,
				CDF1110C28393DD600B7D1CC /* Release */,
			);
			defaultConfigurationIsVisible = 0;
			defaultConfigurationName = Release;
		};
		CDF1110D28393DD600B7D1CC /* Build configuration list for PBXNativeTarget "MusicPlayerUITests" */ = {
			isa = XCConfigurationList;
			buildConfigurations = (
				CDF1110E28393DD600B7D1CC /* Debug */,
				CDF1110F28393DD600B7D1CC /* Release */,
			);
			defaultConfigurationIsVisible = 0;
			defaultConfigurationName = Release;
		};
/* End XCConfigurationList section */
	};
	rootObject = CDF110D528393DD200B7D1CC /* Project object */;
}
